
Microsoft Visual Studio Solution File, Format Version 12.00
# Visual Studio 11
Project("{8BC9CEB8-8B4A-11D0-8D11-00A0C91BC942}") = "UnmanagedDemo", "UnmanagedDemo\UnmanagedDemo.vcxproj", "{AD70FEB8-2C93-1164-55D6-CD7D5F10BC20}"
	ProjectSection(ProjectDependencies) = postProject
		{E93A0EC4-AB8D-CB79-4A1D-C50E4014250E} = {E93A0EC4-AB8D-CB79-4A1D-C50E4014250E}
	EndProjectSection
EndProject
Project("{8BC9CEB8-8B4A-11D0-8D11-00A0C91BC942}") = "HyMMS", "HyMMS\HyMMS.vcxproj", "{E93A0EC4-AB8D-CB79-4A1D-C50E4014250E}"
EndProject
Project("{8BC9CEB8-8B4A-11D0-8D11-00A0C91BC942}") = "Box2D", "Box2D\Box2D.vcxproj", "{22F9FF51-5AA0-AE03-AD38-1203617E2C3C}"
EndProject
Global
	GlobalSection(SolutionConfigurationPlatforms) = preSolution
		Debug|Win32 = Debug|Win32
		Release|Win32 = Release|Win32
	EndGlobalSection
	GlobalSection(ProjectConfigurationPlatforms) = postSolution
		{22F9FF51-5AA0-AE03-AD38-1203617E2C3C}.Debug|Win32.ActiveCfg = Debug|Win32
		{22F9FF51-5AA0-AE03-AD38-1203617E2C3C}.Debug|Win32.Build.0 = Debug|Win32
		{22F9FF51-5AA0-AE03-AD38-1203617E2C3C}.Release|Win32.ActiveCfg = Release|Win32
		{22F9FF51-5AA0-AE03-AD38-1203617E2C3C}.Release|Win32.Build.0 = Release|Win32
		{AD70FEB8-2C93-1164-55D6-CD7D5F10BC20}.Debug|Win32.ActiveCfg = Debug|Win32
		{AD70FEB8-2C93-1164-55D6-CD7D5F10BC20}.Debug|Win32.Build.0 = Debug|Win32
		{AD70FEB8-2C93-1164-55D6-CD7D5F10BC20}.Release|Win32.ActiveCfg = Release|Win32
		{AD70FEB8-2C93-1164-55D6-CD7D5F10BC20}.Release|Win32.Build.0 = Release|Win32
		{E93A0EC4-AB8D-CB79-4A1D-C50E4014250E}.Debug|Win32.ActiveCfg = Debug|Win32
		{E93A0EC4-AB8D-CB79-4A1D-C50E4014250E}.Debug|Win32.Build.0 = Debug|Win32
		{E93A0EC4-AB8D-CB79-4A1D-C50E4014250E}.Release|Win32.ActiveCfg = Release|Win32
		{E93A0EC4-AB8D-CB79-4A1D-C50E4014250E}.Release|Win32.Build.0 = Release|Win32
	EndGlobalSection
	GlobalSection(SolutionProperties) = preSolution
		HideSolutionNode = FALSE
	EndGlobalSection
	GlobalSection(Performance) = preSolution
		HasPerformanceSessions = true
	EndGlobalSection
EndGlobal
